
Microsoft Visual Studio Solution File, Format Version 12.00
# Visual Studio Version 17
VisualStudioVersion = 17.10.35013.160
MinimumVisualStudioVersion = 10.0.40219.1
Project("{FAE04EC0-301F-11D3-BF4B-00C04F79EFBC}") = "TestMVC", "TestMVC\TestMVC.csproj", "{853D6558-5743-4FCD-9FDF-AA52F8AF1691}"
EndProject
Global
	GlobalSection(SolutionConfigurationPlatforms) = preSolution
		Debug|Any CPU = Debug|Any CPU
		Release|Any CPU = Release|Any CPU
	EndGlobalSection
	GlobalSection(ProjectConfigurationPlatforms) = postSolution
		{853D6558-5743-4FCD-9FDF-AA52F8AF1691}.Debug|Any CPU.ActiveCfg = Debug|Any CPU
		{853D6558-5743-4FCD-9FDF-AA52F8AF1691}.Debug|Any CPU.Build.0 = Debug|Any CPU
		{853D6558-5743-4FCD-9FDF-AA52F8AF1691}.Release|Any CPU.ActiveCfg = Release|Any CPU
		{853D6558-5743-4FCD-9FDF-AA52F8AF1691}.Release|Any CPU.Build.0 = Release|Any CPU
	EndGlobalSection
	GlobalSection(SolutionProperties) = preSolution
		HideSolutionNode = FALSE
	EndGlobalSection
	GlobalSection(ExtensibilityGlobals) = postSolution
		SolutionGuid = {D71A8172-7AEB-416A-A0FF-ABAB259ECD56}
	EndGlobalSection
EndGlobal
